// !$*UTF8*$!
{
	archiveVersion = 1;
	classes = {
	};
	objectVersion = 51;
	objects = {

/* Begin PBXBuildFile section */
		04458BE2235D1A68A582ED46 /* Pods_CardLottieAnimation.framework in Frameworks */ = {isa = PBXBuildFile; fileRef = C822CE1244466AD1407F6DB8 /* Pods_CardLottieAnimation.framework */; };
		9E1EFC41252CEFC000CD4D99 /* CardLottieAnimationApp.swift in Sources */ = {isa = PBXBuildFile; fileRef = 9E1EFC40252CEFC000CD4D99 /* CardLottieAnimationApp.swift */; };
		9E1EFC43252CEFC000CD4D99 /* ContentView.swift in Sources */ = {isa = PBXBuildFile; fileRef = 9E1EFC42252CEFC000CD4D99 /* ContentView.swift */; };
		9E1EFC45252CEFC100CD4D99 /* Assets.xcassets in Resources */ = {isa = PBXBuildFile; fileRef = 9E1EFC44252CEFC100CD4D99 /* Assets.xcassets */; };
		9E1EFC48252CEFC100CD4D99 /* Preview Assets.xcassets in Resources */ = {isa = PBXBuildFile; fileRef = 9E1EFC47252CEFC100CD4D99 /* Preview Assets.xcassets */; };
		9E1EFC56252CF74800CD4D99 /* LottieView.swift in Sources */ = {isa = PBXBuildFile; fileRef = 9E1EFC55252CF74800CD4D99 /* LottieView.swift */; };
		9E1EFC59252CF95900CD4D99 /* LottieCard.swift in Sources */ = {isa = PBXBuildFile; fileRef = 9E1EFC58252CF95900CD4D99 /* LottieCard.swift */; };
		9EDB56AC252D0F9200EB68F5 /* back-to-school.json in Resources */ = {isa = PBXBuildFile; fileRef = 9EDB56A9252D0F9200EB68F5 /* back-to-school.json */; };
		9EDB56AD252D0F9200EB68F5 /* electric_car.json in Resources */ = {isa = PBXBuildFile; fileRef = 9EDB56AA252D0F9200EB68F5 /* electric_car.json */; };
		9EDB56AE252D0F9200EB68F5 /* sending-email.json in Resources */ = {isa = PBXBuildFile; fileRef = 9EDB56AB252D0F9200EB68F5 /* sending-email.json */; };
/* End PBXBuildFile section */

/* Begin PBXFileReference section */
		9E1EFC3D252CEFC000CD4D99 /* CardLottieAnimation.app */ = {isa = PBXFileReference; explicitFileType = wrapper.application; includeInIndex = 0; path = CardLottieAnimation.app; sourceTree = BUILT_PRODUCTS_DIR; };
		9E1EFC40252CEFC000CD4D99 /* CardLottieAnimationApp.swift */ = {isa = PBXFileReference; lastKnownFileType = sourcecode.swift; path = CardLottieAnimationApp.swift; sourceTree = "<group>"; };
		9E1EFC42252CEFC000CD4D99 /* ContentView.swift */ = {isa = PBXFileReference; lastKnownFileType = sourcecode.swift; path = ContentView.swift; sourceTree = "<group>"; };
		9E1EFC44252CEFC100CD4D99 /* Assets.xcassets */ = {isa = PBXFileReference; lastKnownFileType = folder.assetcatalog; path = Assets.xcassets; sourceTree = "<group>"; };
		9E1EFC47252CEFC100CD4D99 /* Preview Assets.xcassets */ = {isa = PBXFileReference; lastKnownFileType = folder.assetcatalog; path = "Preview Assets.xcassets"; sourceTree = "<group>"; };
		9E1EFC49252CEFC100CD4D99 /* Info.plist */ = {isa = PBXFileReference; lastKnownFileType = text.plist.xml; path = Info.plist; sourceTree = "<group>"; };
		9E1EFC55252CF74800CD4D99 /* LottieView.swift */ = {isa = PBXFileReference; lastKnownFileType = sourcecode.swift; path = LottieView.swift; sourceTree = "<group>"; };
		9E1EFC58252CF95900CD4D99 /* LottieCard.swift */ = {isa = PBXFileReference; lastKnownFileType = sourcecode.swift; path = LottieCard.swift; sourceTree = "<group>"; };
		9EDB56A9252D0F9200EB68F5 /* back-to-school.json */ = {isa = PBXFileReference; fileEncoding = 4; lastKnownFileType = text.json; path = "back-to-school.json"; sourceTree = "<group>"; };
		9EDB56AA252D0F9200EB68F5 /* electric_car.json */ = {isa = PBXFileReference; fileEncoding = 4; lastKnownFileType = text.json; path = electric_car.json; sourceTree = "<group>"; };
		9EDB56AB252D0F9200EB68F5 /* sending-email.json */ = {isa = PBXFileReference; fileEncoding = 4; lastKnownFileType = text.json; path = "sending-email.json"; sourceTree = "<group>"; };
		BC9680A284ADBDB7083001DB /* Pods-CardLottieAnimation.debug.xcconfig */ = {isa = PBXFileReference; includeInIndex = 1; lastKnownFileType = text.xcconfig; name = "Pods-CardLottieAnimation.debug.xcconfig"; path = "Target Support Files/Pods-CardLottieAnimation/Pods-CardLottieAnimation.debug.xcconfig"; sourceTree = "<group>"; };
		C822CE1244466AD1407F6DB8 /* Pods_CardLottieAnimation.framework */ = {isa = PBXFileReference; explicitFileType = wrapper.framework; includeInIndex = 0; path = Pods_CardLottieAnimation.framework; sourceTree = BUILT_PRODUCTS_DIR; };
		CBC7748F695BF4C43373D1EF /* Pods-CardLottieAnimation.release.xcconfig */ = {isa = PBXFileReference; includeInIndex = 1; lastKnownFileType = text.xcconfig; name = "Pods-CardLottieAnimation.release.xcconfig"; path = "Target Support Files/Pods-CardLottieAnimation/Pods-CardLottieAnimation.release.xcconfig"; sourceTree = "<group>"; };
/* End PBXFileReference section */

/* Begin PBXFrameworksBuildPhase section */
		9E1EFC3A252CEFC000CD4D99 /* Frameworks */ = {
			isa = PBXFrameworksBuildPhase;
			buildActionMask = 2147483647;
			files = (
				04458BE2235D1A68A582ED46 /* Pods_CardLottieAnimation.framework in Frameworks */,
			);
			runOnlyForDeploymentPostprocessing = 0;
		};
/* End PBXFrameworksBuildPhase section */

/* Begin PBXGroup section */
		1FF4FD424659D7B499F07D84 /* Pods */ = {
			isa = PBXGroup;
			children = (
				BC9680A284ADBDB7083001DB /* Pods-CardLottieAnimation.debug.xcconfig */,
				CBC7748F695BF4C43373D1EF /* Pods-CardLottieAnimation.release.xcconfig */,
			);
			path = Pods;
			sourceTree = "<group>";
		};
		6C3A0B774BDDCB2E83F3E854 /* Frameworks */ = {
			isa = PBXGroup;
			children = (
				C822CE1244466AD1407F6DB8 /* Pods_CardLottieAnimation.framework */,
			);
			name = Frameworks;
			sourceTree = "<group>";
		};
		9E1EFC34252CEFBF00CD4D99 = {
			isa = PBXGroup;
			children = (
				9E1EFC3F252CEFC000CD4D99 /* CardLottieAnimation */,
				9E1EFC3E252CEFC000CD4D99 /* Products */,
				1FF4FD424659D7B499F07D84 /* Pods */,
				6C3A0B774BDDCB2E83F3E854 /* Frameworks */,
			);
			sourceTree = "<group>";
		};
		9E1EFC3E252CEFC000CD4D99 /* Products */ = {
			isa = PBXGroup;
			children = (
				9E1EFC3D252CEFC000CD4D99 /* CardLottieAnimation.app */,
			);
			name = Products;
			sourceTree = "<group>";
		};
		9E1EFC3F252CEFC000CD4D99 /* CardLottieAnimation */ = {
			isa = PBXGroup;
			children = (
				9EDB56B1252D0FA600EB68F5 /* Model */,
				9EDB56B0252D0FA100EB68F5 /* View */,
				9E1EFC40252CEFC000CD4D99 /* CardLottieAnimationApp.swift */,
				9EDB56A9252D0F9200EB68F5 /* back-to-school.json */,
				9EDB56AA252D0F9200EB68F5 /* electric_car.json */,
				9EDB56AB252D0F9200EB68F5 /* sending-email.json */,
				9E1EFC42252CEFC000CD4D99 /* ContentView.swift */,
				9E1EFC58252CF95900CD4D99 /* LottieCard.swift */,
				9E1EFC55252CF74800CD4D99 /* LottieView.swift */,
				9E1EFC44252CEFC100CD4D99 /* Assets.xcassets */,
				9E1EFC49252CEFC100CD4D99 /* Info.plist */,
				9E1EFC46252CEFC100CD4D99 /* Preview Content */,
			);
			path = CardLottieAnimation;
			sourceTree = "<group>";
		};
		9E1EFC46252CEFC100CD4D99 /* Preview Content */ = {
			isa = PBXGroup;
			children = (
				9E1EFC47252CEFC100CD4D99 /* Preview Assets.xcassets */,
			);
			path = "Preview Content";
			sourceTree = "<group>";
		};
		9EDB56B0252D0FA100EB68F5 /* View */ = {
			isa = PBXGroup;
			children = (
			);
			path = View;
			sourceTree = "<group>";
		};
		9EDB56B1252D0FA600EB68F5 /* Model */ = {
			isa = PBXGroup;
			children = (
			);
			path = Model;
			sourceTree = "<group>";
		};
/* End PBXGroup section */

/* Begin PBXNativeTarget section */
		9E1EFC3C252CEFC000CD4D99 /* CardLottieAnimation */ = {
			isa = PBXNativeTarget;
			buildConfigurationList = 9E1EFC4C252CEFC100CD4D99 /* Build configuration list for PBXNativeTarget "CardLottieAnimation" */;
			buildPhases = (
				9E8461DD950CF2D5AB01794F /* [CP] Check Pods Manifest.lock */,
				9E1EFC39252CEFC000CD4D99 /* Sources */,
				9E1EFC3A252CEFC000CD4D99 /* Frameworks */,
				9E1EFC3B252CEFC000CD4D99 /* Resources */,
				F40562BC81AB9B688BBF525E /* [CP] Embed Pods Frameworks */,
			);
			buildRules = (
			);
			dependencies = (
			);
			name = CardLottieAnimation;
			productName = CardLottieAnimation;
			productReference = 9E1EFC3D252CEFC000CD4D99 /* CardLottieAnimation.app */;
			productType = "com.apple.product-type.application";
		};
/* End PBXNativeTarget section */

/* Begin PBXProject section */
		9E1EFC35252CEFBF00CD4D99 /* Project object */ = {
			isa = PBXProject;
			attributes = {
				LastSwiftUpdateCheck = 1200;
				LastUpgradeCheck = 1200;
				TargetAttributes = {
					9E1EFC3C252CEFC000CD4D99 = {
						CreatedOnToolsVersion = 12.0.1;
					};
				};
			};
			buildConfigurationList = 9E1EFC38252CEFBF00CD4D99 /* Build configuration list for PBXProject "CardLottieAnimation" */;
			compatibilityVersion = "Xcode 9.3";
			developmentRegion = en;
			hasScannedForEncodings = 0;
			knownRegions = (
				en,
				Base,
			);
			mainGroup = 9E1EFC34252CEFBF00CD4D99;
			productRefGroup = 9E1EFC3E252CEFC000CD4D99 /* Products */;
			projectDirPath = "";
			projectRoot = "";
			targets = (
				9E1EFC3C252CEFC000CD4D99 /* CardLottieAnimation */,
			);
		};
/* End PBXProject section */

/* Begin PBXResourcesBuildPhase section */
		9E1EFC3B252CEFC000CD4D99 /* Resources */ = {
			isa = PBXResourcesBuildPhase;
			buildActionMask = 2147483647;
			files = (
				9E1EFC48252CEFC100CD4D99 /* Preview Assets.xcassets in Resources */,
				9EDB56AD252D0F9200EB68F5 /* electric_car.json in Resources */,
				9EDB56AE252D0F9200EB68F5 /* sending-email.json in Resources */,
				9E1EFC45252CEFC100CD4D99 /* Assets.xcassets in Resources */,
				9EDB56AC252D0F9200EB68F5 /* back-to-school.json in Resources */,
			);
			runOnlyForDeploymentPostprocessing = 0;
		};
/* End PBXResourcesBuildPhase section */

/* Begin PBXShellScriptBuildPhase section */
		9E8461DD950CF2D5AB01794F /* [CP] Check Pods Manifest.lock */ = {
			isa = PBXShellScriptBuildPhase;
			buildActionMask = 2147483647;
			files = (
			);
			inputFileListPaths = (
			);
			inputPaths = (
				"${PODS_PODFILE_DIR_PATH}/Podfile.lock",
				"${PODS_ROOT}/Manifest.lock",
			);
			name = "[CP] Check Pods Manifest.lock";
			outputFileListPaths = (
			);
			outputPaths = (
				"$(DERIVED_FILE_DIR)/Pods-CardLottieAnimation-checkManifestLockResult.txt",
			);
			runOnlyForDeploymentPostprocessing = 0;
			shellPath = /bin/sh;
			shellScript = "diff \"${PODS_PODFILE_DIR_PATH}/Podfile.lock\" \"${PODS_ROOT}/Manifest.lock\" > /dev/null\nif [ $? != 0 ] ; then\n    # print error to STDERR\n    echo \"error: The sandbox is not in sync with the Podfile.lock. Run 'pod install' or update your CocoaPods installation.\" >&2\n    exit 1\nfi\n# This output is used by Xcode 'outputs' to avoid re-running this script phase.\necho \"SUCCESS\" > \"${SCRIPT_OUTPUT_FILE_0}\"\n";
			showEnvVarsInLog = 0;
		};
		F40562BC81AB9B688BBF525E /* [CP] Embed Pods Frameworks */ = {
			isa = PBXShellScriptBuildPhase;
			buildActionMask = 2147483647;
			files = (
			);
			inputFileListPaths = (
				"${PODS_ROOT}/Target Support Files/Pods-CardLottieAnimation/Pods-CardLottieAnimation-frameworks-${CONFIGURATION}-input-files.xcfilelist",
			);
			name = "[CP] Embed Pods Frameworks";
			outputFileListPaths = (
				"${PODS_ROOT}/Target Support Files/Pods-CardLottieAnimation/Pods-CardLottieAnimation-frameworks-${CONFIGURATION}-output-files.xcfilelist",
			);
			runOnlyForDeploymentPostprocessing = 0;
			shellPath = /bin/sh;
			shellScript = "\"${PODS_ROOT}/Target Support Files/Pods-CardLottieAnimation/Pods-CardLottieAnimation-frameworks.sh\"\n";
			showEnvVarsInLog = 0;
		};
/* End PBXShellScriptBuildPhase section */

/* Begin PBXSourcesBuildPhase section */
		9E1EFC39252CEFC000CD4D99 /* Sources */ = {
			isa = PBXSourcesBuildPhase;
			buildActionMask = 2147483647;
			files = (
				9E1EFC43252CEFC000CD4D99 /* ContentView.swift in Sources */,
				9E1EFC41252CEFC000CD4D99 /* CardLottieAnimationApp.swift in Sources */,
				9E1EFC59252CF95900CD4D99 /* LottieCard.swift in Sources */,
				9E1EFC56252CF74800CD4D99 /* LottieView.swift in Sources */,
			);
			runOnlyForDeploymentPostprocessing = 0;
		};
/* End PBXSourcesBuildPhase section */

/* Begin XCBuildConfiguration section */
		9E1EFC4A252CEFC100CD4D99 /* Debug */ = {
			isa = XCBuildConfiguration;
			buildSettings = {
				ALWAYS_SEARCH_USER_PATHS = NO;
				CLANG_ANALYZER_NONNULL = YES;
				CLANG_ANALYZER_NUMBER_OBJECT_CONVERSION = YES_AGGRESSIVE;
				CLANG_CXX_LANGUAGE_STANDARD = "gnu++14";
				CLANG_CXX_LIBRARY = "libc++";
				CLANG_ENABLE_MODULES = YES;
				CLANG_ENABLE_OBJC_ARC = YES;
				CLANG_ENABLE_OBJC_WEAK = YES;
				CLANG_WARN_BLOCK_CAPTURE_AUTORELEASING = YES;
				CLANG_WARN_BOOL_CONVERSION = YES;
				CLANG_WARN_COMMA = YES;
				CLANG_WARN_CONSTANT_CONVERSION = YES;
				CLANG_WARN_DEPRECATED_OBJC_IMPLEMENTATIONS = YES;
				CLANG_WARN_DIRECT_OBJC_ISA_USAGE = YES_ERROR;
				CLANG_WARN_DOCUMENTATION_COMMENTS = YES;
				CLANG_WARN_EMPTY_BODY = YES;
				CLANG_WARN_ENUM_CONVERSION = YES;
				CLANG_WARN_INFINITE_RECURSION = YES;
				CLANG_WARN_INT_CONVERSION = YES;
				CLANG_WARN_NON_LITERAL_NULL_CONVERSION = YES;
				CLANG_WARN_OBJC_IMPLICIT_RETAIN_SELF = YES;
				CLANG_WARN_OBJC_LITERAL_CONVERSION = YES;
				CLANG_WARN_OBJC_ROOT_CLASS = YES_ERROR;
				CLANG_WARN_QUOTED_INCLUDE_IN_FRAMEWORK_HEADER = YES;
				CLANG_WARN_RANGE_LOOP_ANALYSIS = YES;
				CLANG_WARN_STRICT_PROTOTYPES = YES;
				CLANG_WARN_SUSPICIOUS_MOVE = YES;
				CLANG_WARN_UNGUARDED_AVAILABILITY = YES_AGGRESSIVE;
				CLANG_WARN_UNREACHABLE_CODE = YES;
				CLANG_WARN__DUPLICATE_METHOD_MATCH = YES;
				COPY_PHASE_STRIP = NO;
				DEBUG_INFORMATION_FORMAT = dwarf;
				ENABLE_STRICT_OBJC_MSGSEND = YES;
				ENABLE_TESTABILITY = YES;
				GCC_C_LANGUAGE_STANDARD = gnu11;
				GCC_DYNAMIC_NO_PIC = NO;
				GCC_NO_COMMON_BLOCKS = YES;
				GCC_OPTIMIZATION_LEVEL = 0;
				GCC_PREPROCESSOR_DEFINITIONS = (
					"DEBUG=1",
					"$(inherited)",
				);
				GCC_WARN_64_TO_32_BIT_CONVERSION = YES;
				GCC_WARN_ABOUT_RETURN_TYPE = YES_ERROR;
				GCC_WARN_UNDECLARED_SELECTOR = YES;
				GCC_WARN_UNINITIALIZED_AUTOS = YES_AGGRESSIVE;
				GCC_WARN_UNUSED_FUNCTION = YES;
				GCC_WARN_UNUSED_VARIABLE = YES;
				IPHONEOS_DEPLOYMENT_TARGET = 14.0;
				MTL_ENABLE_DEBUG_INFO = INCLUDE_SOURCE;
				MTL_FAST_MATH = YES;
				ONLY_ACTIVE_ARCH = YES;
				SDKROOT = iphoneos;
				SWIFT_ACTIVE_COMPILATION_CONDITIONS = DEBUG;
				SWIFT_OPTIMIZATION_LEVEL = "-Onone";
			};
			name = Debug;
		};
		9E1EFC4B252CEFC100CD4D99 /* Release */ = {
			isa = XCBuildConfiguration;
			buildSettings = {
				ALWAYS_SEARCH_USER_PATHS = NO;
				CLANG_ANALYZER_NONNULL = YES;
				CLANG_ANALYZER_NUMBER_OBJECT_CONVERSION = YES_AGGRESSIVE;
				CLANG_CXX_LANGUAGE_STANDARD = "gnu++14";
				CLANG_CXX_LIBRARY = "libc++";
				CLANG_ENABLE_MODULES = YES;
				CLANG_ENABLE_OBJC_ARC = YES;
				CLANG_ENABLE_OBJC_WEAK = YES;
				CLANG_WARN_BLOCK_CAPTURE_AUTORELEASING = YES;
				CLANG_WARN_BOOL_CONVERSION = YES;
				CLANG_WARN_COMMA = YES;
				CLANG_WARN_CONSTANT_CONVERSION = YES;
				CLANG_WARN_DEPRECATED_OBJC_IMPLEMENTATIONS = YES;
				CLANG_WARN_DIRECT_OBJC_ISA_USAGE = YES_ERROR;
				CLANG_WARN_DOCUMENTATION_COMMENTS = YES;
				CLANG_WARN_EMPTY_BODY = YES;
				CLANG_WARN_ENUM_CONVERSION = YES;
				CLANG_WARN_INFINITE_RECURSION = YES;
				CLANG_WARN_INT_CONVERSION = YES;
				CLANG_WARN_NON_LITERAL_NULL_CONVERSION = YES;
				CLANG_WARN_OBJC_IMPLICIT_RETAIN_SELF = YES;
				CLANG_WARN_OBJC_LITERAL_CONVERSION = YES;
				CLANG_WARN_OBJC_ROOT_CLASS = YES_ERROR;
				CLANG_WARN_QUOTED_INCLUDE_IN_FRAMEWORK_HEADER = YES;
				CLANG_WARN_RANGE_LOOP_ANALYSIS = YES;
				CLANG_WARN_STRICT_PROTOTYPES = YES;
				CLANG_WARN_SUSPICIOUS_MOVE = YES;
				CLANG_WARN_UNGUARDED_AVAILABILITY = YES_AGGRESSIVE;
				CLANG_WARN_UNREACHABLE_CODE = YES;
				CLANG_WARN__DUPLICATE_METHOD_MATCH = YES;
				COPY_PHASE_STRIP = NO;
				DEBUG_INFORMATION_FORMAT = "dwarf-with-dsym";
				ENABLE_NS_ASSERTIONS = NO;
				ENABLE_STRICT_OBJC_MSGSEND = YES;
				GCC_C_LANGUAGE_STANDARD = gnu11;
				GCC_NO_COMMON_BLOCKS = YES;
				GCC_WARN_64_TO_32_BIT_CONVERSION = YES;
				GCC_WARN_ABOUT_RETURN_TYPE = YES_ERROR;
				GCC_WARN_UNDECLARED_SELECTOR = YES;
				GCC_WARN_UNINITIALIZED_AUTOS = YES_AGGRESSIVE;
				GCC_WARN_UNUSED_FUNCTION = YES;
				GCC_WARN_UNUSED_VARIABLE = YES;
				IPHONEOS_DEPLOYMENT_TARGET = 14.0;
				MTL_ENABLE_DEBUG_INFO = NO;
				MTL_FAST_MATH = YES;
				SDKROOT = iphoneos;
				SWIFT_COMPILATION_MODE = wholemodule;
				SWIFT_OPTIMIZATION_LEVEL = "-O";
				VALIDATE_PRODUCT = YES;
			};
			name = Release;
		};
		9E1EFC4D252CEFC100CD4D99 /* Debug */ = {
			isa = XCBuildConfiguration;
			baseConfigurationReference = BC9680A284ADBDB7083001DB /* Pods-CardLottieAnimation.debug.xcconfig */;
			buildSettings = {
				ASSETCATALOG_COMPILER_APPICON_NAME = AppIcon;
				ASSETCATALOG_COMPILER_GLOBAL_ACCENT_COLOR_NAME = AccentColor;
				CODE_SIGN_STYLE = Automatic;
				DEAD_CODE_STRIPPING = NO;
				DEVELOPMENT_ASSET_PATHS = "\"CardLottieAnimation/Preview Content\"";
				ENABLE_PREVIEWS = YES;
				INFOPLIST_FILE = CardLottieAnimation/Info.plist;
				IPHONEOS_DEPLOYMENT_TARGET = 14.0;
				LD_RUNPATH_SEARCH_PATHS = (
					"$(inherited)",
					"@executable_path/Frameworks",
				);
				PRODUCT_BUNDLE_IDENTIFIER = MaximMacari.CardLottieAnimation;
				PRODUCT_NAME = "$(TARGET_NAME)";
				SWIFT_VERSION = 5.0;
				TARGETED_DEVICE_FAMILY = "1,2";
			};
			name = Debug;
		};
		9E1EFC4E252CEFC100CD4D99 /* Release */ = {
			isa = XCBuildConfiguration;
			baseConfigurationReference = CBC7748F695BF4C43373D1EF /* Pods-CardLottieAnimation.release.xcconfig */;
			buildSettings = {
				ASSETCATALOG_COMPILER_APPICON_NAME = AppIcon;
				ASSETCATALOG_COMPILER_GLOBAL_ACCENT_COLOR_NAME = AccentColor;
				CODE_SIGN_STYLE = Automatic;
				DEAD_CODE_STRIPPING = NO;
				DEVELOPMENT_ASSET_PATHS = "\"CardLottieAnimation/Preview Content\"";
				ENABLE_PREVIEWS = YES;
				INFOPLIST_FILE = CardLottieAnimation/Info.plist;
				IPHONEOS_DEPLOYMENT_TARGET = 14.0;
				LD_RUNPATH_SEARCH_PATHS = (
					"$(inherited)",
					"@executable_path/Frameworks",
				);
				PRODUCT_BUNDLE_IDENTIFIER = MaximMacari.CardLottieAnimation;
				PRODUCT_NAME = "$(TARGET_NAME)";
				SWIFT_VERSION = 5.0;
				TARGETED_DEVICE_FAMILY = "1,2";
			};
			name = Release;
		};
/* End XCBuildConfiguration section */

/* Begin XCConfigurationList section */
		9E1EFC38252CEFBF00CD4D99 /* Build configuration list for PBXProject "CardLottieAnimation" */ = {
			isa = XCConfigurationList;
			buildConfigurations = (
				9E1EFC4A252CEFC100CD4D99 /* Debug */,
				9E1EFC4B252CEFC100CD4D99 /* Release */,
			);
			defaultConfigurationIsVisible = 0;
			defaultConfigurationName = Release;
		};
		9E1EFC4C252CEFC100CD4D99 /* Build configuration list for PBXNativeTarget "CardLottieAnimation" */ = {
			isa = XCConfigurationList;
			buildConfigurations = (
				9E1EFC4D252CEFC100CD4D99 /* Debug */,
				9E1EFC4E252CEFC100CD4D99 /* Release */,
			);
			defaultConfigurationIsVisible = 0;
			defaultConfigurationName = Release;
		};
/* End XCConfigurationList section */
	};
	rootObject = 9E1EFC35252CEFBF00CD4D99 /* Project object */;
}
